
Microsoft Visual Studio Solution File, Format Version 12.00
Project("{FAE04EC0-301F-11D3-BF4B-00C04F79EFBC}") = "ThankingRust", "ThankingRust.csproj", "{64671EDB-8EF2-419C-B39D-4C9262912FBA}"
EndProject
Global
	GlobalSection(SolutionConfigurationPlatforms) = preSolution
		Debug|Any CPU = Debug|Any CPU
		Release|Any CPU = Release|Any CPU
	EndGlobalSection
	GlobalSection(ProjectConfigurationPlatforms) = postSolution
		{64671EDB-8EF2-419C-B39D-4C9262912FBA}.Debug|Any CPU.ActiveCfg = Debug|Any CPU
		{64671EDB-8EF2-419C-B39D-4C9262912FBA}.Debug|Any CPU.Build.0 = Debug|Any CPU
		{64671EDB-8EF2-419C-B39D-4C9262912FBA}.Release|Any CPU.ActiveCfg = Release|Any CPU
		{64671EDB-8EF2-419C-B39D-4C9262912FBA}.Release|Any CPU.Build.0 = Release|Any CPU
	EndGlobalSection
EndGlobal
